
Microsoft Visual Studio Solution File, Format Version 12.00
# Visual Studio 15
VisualStudioVersion = 15.0.28307.705
MinimumVisualStudioVersion = 10.0.40219.1
Project("{FAE04EC0-301F-11D3-BF4B-00C04F79EFBC}") = "Entidades", "Entidades\Entidades.csproj", "{9BCE96E6-15BD-4E64-8DE1-3BA5CA7F5570}"
EndProject
Project("{FAE04EC0-301F-11D3-BF4B-00C04F79EFBC}") = "MiCalculadora", "MiCalculadora\MiCalculadora.csproj", "{FE05C41E-8A88-49E6-88DC-BBB8B1CA0ABC}"
EndProject
Global
	GlobalSection(SolutionConfigurationPlatforms) = preSolution
		Debug|Any CPU = Debug|Any CPU
		Release|Any CPU = Release|Any CPU
	EndGlobalSection
	GlobalSection(ProjectConfigurationPlatforms) = postSolution
		{9BCE96E6-15BD-4E64-8DE1-3BA5CA7F5570}.Debug|Any CPU.ActiveCfg = Debug|Any CPU
		{9BCE96E6-15BD-4E64-8DE1-3BA5CA7F5570}.Debug|Any CPU.Build.0 = Debug|Any CPU
		{9BCE96E6-15BD-4E64-8DE1-3BA5CA7F5570}.Release|Any CPU.ActiveCfg = Release|Any CPU
		{9BCE96E6-15BD-4E64-8DE1-3BA5CA7F5570}.Release|Any CPU.Build.0 = Release|Any CPU
		{FE05C41E-8A88-49E6-88DC-BBB8B1CA0ABC}.Debug|Any CPU.ActiveCfg = Debug|Any CPU
		{FE05C41E-8A88-49E6-88DC-BBB8B1CA0ABC}.Debug|Any CPU.Build.0 = Debug|Any CPU
		{FE05C41E-8A88-49E6-88DC-BBB8B1CA0ABC}.Release|Any CPU.ActiveCfg = Release|Any CPU
		{FE05C41E-8A88-49E6-88DC-BBB8B1CA0ABC}.Release|Any CPU.Build.0 = Release|Any CPU
	EndGlobalSection
	GlobalSection(SolutionProperties) = preSolution
		HideSolutionNode = FALSE
	EndGlobalSection
	GlobalSection(ExtensibilityGlobals) = postSolution
		SolutionGuid = {85A85C41-0556-42C0-988E-041CF23A3A34}
	EndGlobalSection
EndGlobal
