
Microsoft Visual Studio Solution File, Format Version 12.00
# Visual Studio 15
VisualStudioVersion = 15.0.28307.489
MinimumVisualStudioVersion = 10.0.40219.1
Project("{FAE04EC0-301F-11D3-BF4B-00C04F79EFBC}") = "Entidades", "Entidades\Entidades.csproj", "{039708F7-FDCC-418D-8278-1F6AB332A685}"
EndProject
Project("{FAE04EC0-301F-11D3-BF4B-00C04F79EFBC}") = "MiCalculadora", "MiCalculadora\MiCalculadora.csproj", "{C00626BA-CB18-4835-880A-CC8962871FA6}"
EndProject
Global
	GlobalSection(SolutionConfigurationPlatforms) = preSolution
		Debug|Any CPU = Debug|Any CPU
		Release|Any CPU = Release|Any CPU
	EndGlobalSection
	GlobalSection(ProjectConfigurationPlatforms) = postSolution
		{039708F7-FDCC-418D-8278-1F6AB332A685}.Debug|Any CPU.ActiveCfg = Debug|Any CPU
		{039708F7-FDCC-418D-8278-1F6AB332A685}.Debug|Any CPU.Build.0 = Debug|Any CPU
		{039708F7-FDCC-418D-8278-1F6AB332A685}.Release|Any CPU.ActiveCfg = Release|Any CPU
		{039708F7-FDCC-418D-8278-1F6AB332A685}.Release|Any CPU.Build.0 = Release|Any CPU
		{C00626BA-CB18-4835-880A-CC8962871FA6}.Debug|Any CPU.ActiveCfg = Debug|Any CPU
		{C00626BA-CB18-4835-880A-CC8962871FA6}.Debug|Any CPU.Build.0 = Debug|Any CPU
		{C00626BA-CB18-4835-880A-CC8962871FA6}.Release|Any CPU.ActiveCfg = Release|Any CPU
		{C00626BA-CB18-4835-880A-CC8962871FA6}.Release|Any CPU.Build.0 = Release|Any CPU
	EndGlobalSection
	GlobalSection(SolutionProperties) = preSolution
		HideSolutionNode = FALSE
	EndGlobalSection
	GlobalSection(ExtensibilityGlobals) = postSolution
		SolutionGuid = {1756B6D4-2734-4378-B03F-123F1D73A2DB}
	EndGlobalSection
EndGlobal
