
Microsoft Visual Studio Solution File, Format Version 12.00
# Visual Studio 15
VisualStudioVersion = 15.0.28307.705
MinimumVisualStudioVersion = 10.0.40219.1
Project("{FAE04EC0-301F-11D3-BF4B-00C04F79EFBC}") = "Archivos", "Archivos\Archivos.csproj", "{1E55C7A2-934F-4D90-85C1-7DD70538DC40}"
EndProject
Project("{FAE04EC0-301F-11D3-BF4B-00C04F79EFBC}") = "Excepciones", "Excepciones\Excepciones.csproj", "{92EEE814-CE50-4648-8E19-BFF5CE46828C}"
EndProject
Project("{FAE04EC0-301F-11D3-BF4B-00C04F79EFBC}") = "Clases_Abstractas", "Clases_Abstractas\Clases_Abstractas.csproj", "{169FBB94-144D-4096-A078-2B05943A84EB}"
EndProject
Project("{FAE04EC0-301F-11D3-BF4B-00C04F79EFBC}") = "Clases_Instanciables", "Clases_Instanciables\Clases_Instanciables.csproj", "{F8E5DD06-6605-4A88-A9F3-85FAA2E666CF}"
EndProject
Project("{FAE04EC0-301F-11D3-BF4B-00C04F79EFBC}") = "ConsolaUniversidad", "ConsolaUniversidad\ConsolaUniversidad.csproj", "{C215DFC2-F15F-4B11-9223-D4D55BAB25F7}"
EndProject
Project("{FAE04EC0-301F-11D3-BF4B-00C04F79EFBC}") = "TestUnitarios", "TestUnitarios\TestUnitarios.csproj", "{B2F3B72A-E1D3-41DE-93D4-6803983E1F25}"
EndProject
Global
	GlobalSection(SolutionConfigurationPlatforms) = preSolution
		Debug|Any CPU = Debug|Any CPU
		Release|Any CPU = Release|Any CPU
	EndGlobalSection
	GlobalSection(ProjectConfigurationPlatforms) = postSolution
		{1E55C7A2-934F-4D90-85C1-7DD70538DC40}.Debug|Any CPU.ActiveCfg = Debug|Any CPU
		{1E55C7A2-934F-4D90-85C1-7DD70538DC40}.Debug|Any CPU.Build.0 = Debug|Any CPU
		{1E55C7A2-934F-4D90-85C1-7DD70538DC40}.Release|Any CPU.ActiveCfg = Release|Any CPU
		{1E55C7A2-934F-4D90-85C1-7DD70538DC40}.Release|Any CPU.Build.0 = Release|Any CPU
		{92EEE814-CE50-4648-8E19-BFF5CE46828C}.Debug|Any CPU.ActiveCfg = Debug|Any CPU
		{92EEE814-CE50-4648-8E19-BFF5CE46828C}.Debug|Any CPU.Build.0 = Debug|Any CPU
		{92EEE814-CE50-4648-8E19-BFF5CE46828C}.Release|Any CPU.ActiveCfg = Release|Any CPU
		{92EEE814-CE50-4648-8E19-BFF5CE46828C}.Release|Any CPU.Build.0 = Release|Any CPU
		{169FBB94-144D-4096-A078-2B05943A84EB}.Debug|Any CPU.ActiveCfg = Debug|Any CPU
		{169FBB94-144D-4096-A078-2B05943A84EB}.Debug|Any CPU.Build.0 = Debug|Any CPU
		{169FBB94-144D-4096-A078-2B05943A84EB}.Release|Any CPU.ActiveCfg = Release|Any CPU
		{169FBB94-144D-4096-A078-2B05943A84EB}.Release|Any CPU.Build.0 = Release|Any CPU
		{F8E5DD06-6605-4A88-A9F3-85FAA2E666CF}.Debug|Any CPU.ActiveCfg = Debug|Any CPU
		{F8E5DD06-6605-4A88-A9F3-85FAA2E666CF}.Debug|Any CPU.Build.0 = Debug|Any CPU
		{F8E5DD06-6605-4A88-A9F3-85FAA2E666CF}.Release|Any CPU.ActiveCfg = Release|Any CPU
		{F8E5DD06-6605-4A88-A9F3-85FAA2E666CF}.Release|Any CPU.Build.0 = Release|Any CPU
		{C215DFC2-F15F-4B11-9223-D4D55BAB25F7}.Debug|Any CPU.ActiveCfg = Debug|Any CPU
		{C215DFC2-F15F-4B11-9223-D4D55BAB25F7}.Debug|Any CPU.Build.0 = Debug|Any CPU
		{C215DFC2-F15F-4B11-9223-D4D55BAB25F7}.Release|Any CPU.ActiveCfg = Release|Any CPU
		{C215DFC2-F15F-4B11-9223-D4D55BAB25F7}.Release|Any CPU.Build.0 = Release|Any CPU
		{B2F3B72A-E1D3-41DE-93D4-6803983E1F25}.Debug|Any CPU.ActiveCfg = Debug|Any CPU
		{B2F3B72A-E1D3-41DE-93D4-6803983E1F25}.Debug|Any CPU.Build.0 = Debug|Any CPU
		{B2F3B72A-E1D3-41DE-93D4-6803983E1F25}.Release|Any CPU.ActiveCfg = Release|Any CPU
		{B2F3B72A-E1D3-41DE-93D4-6803983E1F25}.Release|Any CPU.Build.0 = Release|Any CPU
	EndGlobalSection
	GlobalSection(SolutionProperties) = preSolution
		HideSolutionNode = FALSE
	EndGlobalSection
	GlobalSection(ExtensibilityGlobals) = postSolution
		SolutionGuid = {FC7C454B-6F84-4FE0-B755-9807475307CF}
	EndGlobalSection
EndGlobal
